// !$*UTF8*$!
{
	archiveVersion = 1;
	classes = {
	};
	objectVersion = 55;
	objects = {

/* Begin PBXBuildFile section */
		AE324C4827FDE4AA009AF642 /* GongGalBBangApp.swift in Sources */ = {isa = PBXBuildFile; fileRef = AE324C4727FDE4AA009AF642 /* GongGalBBangApp.swift */; };
		AE324C4A27FDE4AA009AF642 /* LogInView.swift in Sources */ = {isa = PBXBuildFile; fileRef = AE324C4927FDE4AA009AF642 /* LogInView.swift */; };
		AE324C4C27FDE4AD009AF642 /* Assets.xcassets in Resources */ = {isa = PBXBuildFile; fileRef = AE324C4B27FDE4AD009AF642 /* Assets.xcassets */; };
		AE324C4F27FDE4AD009AF642 /* Preview Assets.xcassets in Resources */ = {isa = PBXBuildFile; fileRef = AE324C4E27FDE4AD009AF642 /* Preview Assets.xcassets */; };
		AE4CFAB8280534A0001292F4 /* Splash.swift in Sources */ = {isa = PBXBuildFile; fileRef = AE4CFAB7280534A0001292F4 /* Splash.swift */; };
		AEFD89DA2807DDB000CFC148 /* SignUpView.swift in Sources */ = {isa = PBXBuildFile; fileRef = AEFD89D92807DDB000CFC148 /* SignUpView.swift */; };
/* End PBXBuildFile section */

/* Begin PBXFileReference section */
		AE324C4427FDE4AA009AF642 /* GongGalBBang.app */ = {isa = PBXFileReference; explicitFileType = wrapper.application; includeInIndex = 0; path = GongGalBBang.app; sourceTree = BUILT_PRODUCTS_DIR; };
		AE324C4727FDE4AA009AF642 /* GongGalBBangApp.swift */ = {isa = PBXFileReference; lastKnownFileType = sourcecode.swift; path = GongGalBBangApp.swift; sourceTree = "<group>"; };
		AE324C4927FDE4AA009AF642 /* LogInView.swift */ = {isa = PBXFileReference; lastKnownFileType = sourcecode.swift; path = LogInView.swift; sourceTree = "<group>"; };
		AE324C4B27FDE4AD009AF642 /* Assets.xcassets */ = {isa = PBXFileReference; lastKnownFileType = folder.assetcatalog; path = Assets.xcassets; sourceTree = "<group>"; };
		AE324C4E27FDE4AD009AF642 /* Preview Assets.xcassets */ = {isa = PBXFileReference; lastKnownFileType = folder.assetcatalog; path = "Preview Assets.xcassets"; sourceTree = "<group>"; };
		AE4CFAB7280534A0001292F4 /* Splash.swift */ = {isa = PBXFileReference; lastKnownFileType = sourcecode.swift; path = Splash.swift; sourceTree = "<group>"; };
		AE4CFABB28053865001292F4 /* Info.plist */ = {isa = PBXFileReference; lastKnownFileType = text.plist.xml; path = Info.plist; sourceTree = "<group>"; };
		AEFD89D92807DDB000CFC148 /* SignUpView.swift */ = {isa = PBXFileReference; lastKnownFileType = sourcecode.swift; path = SignUpView.swift; sourceTree = "<group>"; };
/* End PBXFileReference section */

/* Begin PBXFrameworksBuildPhase section */
		AE324C4127FDE4AA009AF642 /* Frameworks */ = {
			isa = PBXFrameworksBuildPhase;
			buildActionMask = 2147483647;
			files = (
			);
			runOnlyForDeploymentPostprocessing = 0;
		};
/* End PBXFrameworksBuildPhase section */

/* Begin PBXGroup section */
		AE324C3B27FDE4AA009AF642 = {
			isa = PBXGroup;
			children = (
				AE324C4627FDE4AA009AF642 /* GongGalBBang */,
				AE324C4527FDE4AA009AF642 /* Products */,
			);
			sourceTree = "<group>";
		};
		AE324C4527FDE4AA009AF642 /* Products */ = {
			isa = PBXGroup;
			children = (
				AE324C4427FDE4AA009AF642 /* GongGalBBang.app */,
			);
			name = Products;
			sourceTree = "<group>";
		};
		AE324C4627FDE4AA009AF642 /* GongGalBBang */ = {
			isa = PBXGroup;
			children = (
				AE4CFABB28053865001292F4 /* Info.plist */,
				AE4CFAB628053488001292F4 /* splash */,
				AE324C4727FDE4AA009AF642 /* GongGalBBangApp.swift */,
				AE324C4927FDE4AA009AF642 /* LogInView.swift */,
				AEFD89D92807DDB000CFC148 /* SignUpView.swift */,
				AE324C4B27FDE4AD009AF642 /* Assets.xcassets */,
				AE324C4D27FDE4AD009AF642 /* Preview Content */,
			);
			path = GongGalBBang;
			sourceTree = "<group>";
		};
		AE324C4D27FDE4AD009AF642 /* Preview Content */ = {
			isa = PBXGroup;
			children = (
				AE324C4E27FDE4AD009AF642 /* Preview Assets.xcassets */,
			);
			path = "Preview Content";
			sourceTree = "<group>";
		};
		AE4CFAB628053488001292F4 /* splash */ = {
			isa = PBXGroup;
			children = (
				AE4CFAB7280534A0001292F4 /* Splash.swift */,
			);
			path = splash;
			sourceTree = "<group>";
		};
/* End PBXGroup section */

/* Begin PBXNativeTarget section */
		AE324C4327FDE4AA009AF642 /* GongGalBBang */ = {
			isa = PBXNativeTarget;
			buildConfigurationList = AE324C5227FDE4AD009AF642 /* Build configuration list for PBXNativeTarget "GongGalBBang" */;
			buildPhases = (
				AE324C4027FDE4AA009AF642 /* Sources */,
				AE324C4127FDE4AA009AF642 /* Frameworks */,
				AE324C4227FDE4AA009AF642 /* Resources */,
			);
			buildRules = (
			);
			dependencies = (
			);
			name = GongGalBBang;
			productName = GongGalBBang;
			productReference = AE324C4427FDE4AA009AF642 /* GongGalBBang.app */;
			productType = "com.apple.product-type.application";
		};
/* End PBXNativeTarget section */

/* Begin PBXProject section */
		AE324C3C27FDE4AA009AF642 /* Project object */ = {
			isa = PBXProject;
			attributes = {
				BuildIndependentTargetsInParallel = 1;
				LastSwiftUpdateCheck = 1310;
				LastUpgradeCheck = 1310;
				TargetAttributes = {
					AE324C4327FDE4AA009AF642 = {
						CreatedOnToolsVersion = 13.1;
					};
				};
			};
			buildConfigurationList = AE324C3F27FDE4AA009AF642 /* Build configuration list for PBXProject "GongGalBBang" */;
			compatibilityVersion = "Xcode 13.0";
			developmentRegion = en;
			hasScannedForEncodings = 0;
			knownRegions = (
				en,
				Base,
			);
			mainGroup = AE324C3B27FDE4AA009AF642;
			productRefGroup = AE324C4527FDE4AA009AF642 /* Products */;
			projectDirPath = "";
			projectRoot = "";
			targets = (
				AE324C4327FDE4AA009AF642 /* GongGalBBang */,
			);
		};
/* End PBXProject section */

/* Begin PBXResourcesBuildPhase section */
		AE324C4227FDE4AA009AF642 /* Resources */ = {
			isa = PBXResourcesBuildPhase;
			buildActionMask = 2147483647;
			files = (
				AE324C4F27FDE4AD009AF642 /* Preview Assets.xcassets in Resources */,
				AE324C4C27FDE4AD009AF642 /* Assets.xcassets in Resources */,
			);
			runOnlyForDeploymentPostprocessing = 0;
		};
/* End PBXResourcesBuildPhase section */

/* Begin PBXSourcesBuildPhase section */
		AE324C4027FDE4AA009AF642 /* Sources */ = {
			isa = PBXSourcesBuildPhase;
			buildActionMask = 2147483647;
			files = (
				AEFD89DA2807DDB000CFC148 /* SignUpView.swift in Sources */,
				AE324C4A27FDE4AA009AF642 /* LogInView.swift in Sources */,
				AE4CFAB8280534A0001292F4 /* Splash.swift in Sources */,
				AE324C4827FDE4AA009AF642 /* GongGalBBangApp.swift in Sources */,
			);
			runOnlyForDeploymentPostprocessing = 0;
		};
/* End PBXSourcesBuildPhase section */

/* Begin XCBuildConfiguration section */
		AE324C5027FDE4AD009AF642 /* Debug */ = {
			isa = XCBuildConfiguration;
			buildSettings = {
				ALWAYS_SEARCH_USER_PATHS = NO;
				CLANG_ANALYZER_NONNULL = YES;
				CLANG_ANALYZER_NUMBER_OBJECT_CONVERSION = YES_AGGRESSIVE;
				CLANG_CXX_LANGUAGE_STANDARD = "gnu++17";
				CLANG_CXX_LIBRARY = "libc++";
				CLANG_ENABLE_MODULES = YES;
				CLANG_ENABLE_OBJC_ARC = YES;
				CLANG_ENABLE_OBJC_WEAK = YES;
				CLANG_WARN_BLOCK_CAPTURE_AUTORELEASING = YES;
				CLANG_WARN_BOOL_CONVERSION = YES;
				CLANG_WARN_COMMA = YES;
				CLANG_WARN_CONSTANT_CONVERSION = YES;
				CLANG_WARN_DEPRECATED_OBJC_IMPLEMENTATIONS = YES;
				CLANG_WARN_DIRECT_OBJC_ISA_USAGE = YES_ERROR;
				CLANG_WARN_DOCUMENTATION_COMMENTS = YES;
				CLANG_WARN_EMPTY_BODY = YES;
				CLANG_WARN_ENUM_CONVERSION = YES;
				CLANG_WARN_INFINITE_RECURSION = YES;
				CLANG_WARN_INT_CONVERSION = YES;
				CLANG_WARN_NON_LITERAL_NULL_CONVERSION = YES;
				CLANG_WARN_OBJC_IMPLICIT_RETAIN_SELF = YES;
				CLANG_WARN_OBJC_LITERAL_CONVERSION = YES;
				CLANG_WARN_OBJC_ROOT_CLASS = YES_ERROR;
				CLANG_WARN_QUOTED_INCLUDE_IN_FRAMEWORK_HEADER = YES;
				CLANG_WARN_RANGE_LOOP_ANALYSIS = YES;
				CLANG_WARN_STRICT_PROTOTYPES = YES;
				CLANG_WARN_SUSPICIOUS_MOVE = YES;
				CLANG_WARN_UNGUARDED_AVAILABILITY = YES_AGGRESSIVE;
				CLANG_WARN_UNREACHABLE_CODE = YES;
				CLANG_WARN__DUPLICATE_METHOD_MATCH = YES;
				COPY_PHASE_STRIP = NO;
				DEBUG_INFORMATION_FORMAT = dwarf;
				ENABLE_STRICT_OBJC_MSGSEND = YES;
				ENABLE_TESTABILITY = YES;
				GCC_C_LANGUAGE_STANDARD = gnu11;
				GCC_DYNAMIC_NO_PIC = NO;
				GCC_NO_COMMON_BLOCKS = YES;
				GCC_OPTIMIZATION_LEVEL = 0;
				GCC_PREPROCESSOR_DEFINITIONS = (
					"DEBUG=1",
					"$(inherited)",
				);
				GCC_WARN_64_TO_32_BIT_CONVERSION = YES;
				GCC_WARN_ABOUT_RETURN_TYPE = YES_ERROR;
				GCC_WARN_UNDECLARED_SELECTOR = YES;
				GCC_WARN_UNINITIALIZED_AUTOS = YES_AGGRESSIVE;
				GCC_WARN_UNUSED_FUNCTION = YES;
				GCC_WARN_UNUSED_VARIABLE = YES;
				IPHONEOS_DEPLOYMENT_TARGET = 15.0;
				MTL_ENABLE_DEBUG_INFO = INCLUDE_SOURCE;
				MTL_FAST_MATH = YES;
				ONLY_ACTIVE_ARCH = YES;
				SDKROOT = iphoneos;
				SWIFT_ACTIVE_COMPILATION_CONDITIONS = DEBUG;
				SWIFT_OPTIMIZATION_LEVEL = "-Onone";
			};
			name = Debug;
		};
		AE324C5127FDE4AD009AF642 /* Release */ = {
			isa = XCBuildConfiguration;
			buildSettings = {
				ALWAYS_SEARCH_USER_PATHS = NO;
				CLANG_ANALYZER_NONNULL = YES;
				CLANG_ANALYZER_NUMBER_OBJECT_CONVERSION = YES_AGGRESSIVE;
				CLANG_CXX_LANGUAGE_STANDARD = "gnu++17";
				CLANG_CXX_LIBRARY = "libc++";
				CLANG_ENABLE_MODULES = YES;
				CLANG_ENABLE_OBJC_ARC = YES;
				CLANG_ENABLE_OBJC_WEAK = YES;
				CLANG_WARN_BLOCK_CAPTURE_AUTORELEASING = YES;
				CLANG_WARN_BOOL_CONVERSION = YES;
				CLANG_WARN_COMMA = YES;
				CLANG_WARN_CONSTANT_CONVERSION = YES;
				CLANG_WARN_DEPRECATED_OBJC_IMPLEMENTATIONS = YES;
				CLANG_WARN_DIRECT_OBJC_ISA_USAGE = YES_ERROR;
				CLANG_WARN_DOCUMENTATION_COMMENTS = YES;
				CLANG_WARN_EMPTY_BODY = YES;
				CLANG_WARN_ENUM_CONVERSION = YES;
				CLANG_WARN_INFINITE_RECURSION = YES;
				CLANG_WARN_INT_CONVERSION = YES;
				CLANG_WARN_NON_LITERAL_NULL_CONVERSION = YES;
				CLANG_WARN_OBJC_IMPLICIT_RETAIN_SELF = YES;
				CLANG_WARN_OBJC_LITERAL_CONVERSION = YES;
				CLANG_WARN_OBJC_ROOT_CLASS = YES_ERROR;
				CLANG_WARN_QUOTED_INCLUDE_IN_FRAMEWORK_HEADER = YES;
				CLANG_WARN_RANGE_LOOP_ANALYSIS = YES;
				CLANG_WARN_STRICT_PROTOTYPES = YES;
				CLANG_WARN_SUSPICIOUS_MOVE = YES;
				CLANG_WARN_UNGUARDED_AVAILABILITY = YES_AGGRESSIVE;
				CLANG_WARN_UNREACHABLE_CODE = YES;
				CLANG_WARN__DUPLICATE_METHOD_MATCH = YES;
				COPY_PHASE_STRIP = NO;
				DEBUG_INFORMATION_FORMAT = "dwarf-with-dsym";
				ENABLE_NS_ASSERTIONS = NO;
				ENABLE_STRICT_OBJC_MSGSEND = YES;
				GCC_C_LANGUAGE_STANDARD = gnu11;
				GCC_NO_COMMON_BLOCKS = YES;
				GCC_WARN_64_TO_32_BIT_CONVERSION = YES;
				GCC_WARN_ABOUT_RETURN_TYPE = YES_ERROR;
				GCC_WARN_UNDECLARED_SELECTOR = YES;
				GCC_WARN_UNINITIALIZED_AUTOS = YES_AGGRESSIVE;
				GCC_WARN_UNUSED_FUNCTION = YES;
				GCC_WARN_UNUSED_VARIABLE = YES;
				IPHONEOS_DEPLOYMENT_TARGET = 15.0;
				MTL_ENABLE_DEBUG_INFO = NO;
				MTL_FAST_MATH = YES;
				SDKROOT = iphoneos;
				SWIFT_COMPILATION_MODE = wholemodule;
				SWIFT_OPTIMIZATION_LEVEL = "-O";
				VALIDATE_PRODUCT = YES;
			};
			name = Release;
		};
		AE324C5327FDE4AD009AF642 /* Debug */ = {
			isa = XCBuildConfiguration;
			buildSettings = {
				ASSETCATALOG_COMPILER_APPICON_NAME = AppIcon;
				ASSETCATALOG_COMPILER_GLOBAL_ACCENT_COLOR_NAME = AccentColor;
				CODE_SIGN_STYLE = Automatic;
				CURRENT_PROJECT_VERSION = 1;
				DEVELOPMENT_ASSET_PATHS = "\"GongGalBBang/Preview Content\"";
				DEVELOPMENT_TEAM = JZ6K78RF5K;
				ENABLE_PREVIEWS = YES;
				GENERATE_INFOPLIST_FILE = YES;
				INFOPLIST_FILE = GongGalBBang/Info.plist;
				INFOPLIST_KEY_UIApplicationSceneManifest_Generation = YES;
				INFOPLIST_KEY_UIApplicationSupportsIndirectInputEvents = YES;
				INFOPLIST_KEY_UISupportedInterfaceOrientations_iPad = "UIInterfaceOrientationPortrait UIInterfaceOrientationPortraitUpsideDown UIInterfaceOrientationLandscapeLeft UIInterfaceOrientationLandscapeRight";
				INFOPLIST_KEY_UISupportedInterfaceOrientations_iPhone = "UIInterfaceOrientationPortrait UIInterfaceOrientationLandscapeLeft UIInterfaceOrientationLandscapeRight";
				LD_RUNPATH_SEARCH_PATHS = (
					"$(inherited)",
					"@executable_path/Frameworks",
				);
				MARKETING_VERSION = 1.0;
				PRODUCT_BUNDLE_IDENTIFIER = ios.practice.GongGalBBang;
				PRODUCT_NAME = "$(TARGET_NAME)";
				SWIFT_EMIT_LOC_STRINGS = YES;
				SWIFT_VERSION = 5.0;
				TARGETED_DEVICE_FAMILY = "1,2";
			};
			name = Debug;
		};
		AE324C5427FDE4AD009AF642 /* Release */ = {
			isa = XCBuildConfiguration;
			buildSettings = {
				ASSETCATALOG_COMPILER_APPICON_NAME = AppIcon;
				ASSETCATALOG_COMPILER_GLOBAL_ACCENT_COLOR_NAME = AccentColor;
				CODE_SIGN_STYLE = Automatic;
				CURRENT_PROJECT_VERSION = 1;
				DEVELOPMENT_ASSET_PATHS = "\"GongGalBBang/Preview Content\"";
				DEVELOPMENT_TEAM = JZ6K78RF5K;
				ENABLE_PREVIEWS = YES;
				GENERATE_INFOPLIST_FILE = YES;
				INFOPLIST_FILE = GongGalBBang/Info.plist;
				INFOPLIST_KEY_UIApplicationSceneManifest_Generation = YES;
				INFOPLIST_KEY_UIApplicationSupportsIndirectInputEvents = YES;
				INFOPLIST_KEY_UISupportedInterfaceOrientations_iPad = "UIInterfaceOrientationPortrait UIInterfaceOrientationPortraitUpsideDown UIInterfaceOrientationLandscapeLeft UIInterfaceOrientationLandscapeRight";
				INFOPLIST_KEY_UISupportedInterfaceOrientations_iPhone = "UIInterfaceOrientationPortrait UIInterfaceOrientationLandscapeLeft UIInterfaceOrientationLandscapeRight";
				LD_RUNPATH_SEARCH_PATHS = (
					"$(inherited)",
					"@executable_path/Frameworks",
				);
				MARKETING_VERSION = 1.0;
				PRODUCT_BUNDLE_IDENTIFIER = ios.practice.GongGalBBang;
				PRODUCT_NAME = "$(TARGET_NAME)";
				SWIFT_EMIT_LOC_STRINGS = YES;
				SWIFT_VERSION = 5.0;
				TARGETED_DEVICE_FAMILY = "1,2";
			};
			name = Release;
		};
/* End XCBuildConfiguration section */

/* Begin XCConfigurationList section */
		AE324C3F27FDE4AA009AF642 /* Build configuration list for PBXProject "GongGalBBang" */ = {
			isa = XCConfigurationList;
			buildConfigurations = (
				AE324C5027FDE4AD009AF642 /* Debug */,
				AE324C5127FDE4AD009AF642 /* Release */,
			);
			defaultConfigurationIsVisible = 0;
			defaultConfigurationName = Release;
		};
		AE324C5227FDE4AD009AF642 /* Build configuration list for PBXNativeTarget "GongGalBBang" */ = {
			isa = XCConfigurationList;
			buildConfigurations = (
				AE324C5327FDE4AD009AF642 /* Debug */,
				AE324C5427FDE4AD009AF642 /* Release */,
			);
			defaultConfigurationIsVisible = 0;
			defaultConfigurationName = Release;
		};
/* End XCConfigurationList section */
	};
	rootObject = AE324C3C27FDE4AA009AF642 /* Project object */;
}
