// !$*UTF8*$!
{
	archiveVersion = 1;
	classes = {
	};
	objectVersion = 55;
	objects = {

/* Begin PBXBuildFile section */
		AE3D91E02807F5310045721C /* GongGalBBangApp.swift in Sources */ = {isa = PBXBuildFile; fileRef = AE3D91DF2807F5310045721C /* GongGalBBangApp.swift */; };
		AE3D91E22807F5310045721C /* ContentView.swift in Sources */ = {isa = PBXBuildFile; fileRef = AE3D91E12807F5310045721C /* ContentView.swift */; };
		AE3D91E42807F5310045721C /* Assets.xcassets in Resources */ = {isa = PBXBuildFile; fileRef = AE3D91E32807F5310045721C /* Assets.xcassets */; };
		AE3D91E72807F5310045721C /* Preview Assets.xcassets in Resources */ = {isa = PBXBuildFile; fileRef = AE3D91E62807F5310045721C /* Preview Assets.xcassets */; };
		AE3D91EF2807F55A0045721C /* LogInView.swift in Sources */ = {isa = PBXBuildFile; fileRef = AE3D91EE2807F55A0045721C /* LogInView.swift */; };
		AE3D91F12807F59B0045721C /* MainView.swift in Sources */ = {isa = PBXBuildFile; fileRef = AE3D91F02807F59B0045721C /* MainView.swift */; };
		AE3D91F32807F5A30045721C /* SignUpView.swift in Sources */ = {isa = PBXBuildFile; fileRef = AE3D91F22807F5A30045721C /* SignUpView.swift */; };
		AE3D91F62807F5EB0045721C /* Models.swift in Sources */ = {isa = PBXBuildFile; fileRef = AE3D91F52807F5EB0045721C /* Models.swift */; };
/* End PBXBuildFile section */

/* Begin PBXFileReference section */
		AE3D91DC2807F5310045721C /* GongGalBBang.app */ = {isa = PBXFileReference; explicitFileType = wrapper.application; includeInIndex = 0; path = GongGalBBang.app; sourceTree = BUILT_PRODUCTS_DIR; };
		AE3D91DF2807F5310045721C /* GongGalBBangApp.swift */ = {isa = PBXFileReference; lastKnownFileType = sourcecode.swift; path = GongGalBBangApp.swift; sourceTree = "<group>"; };
		AE3D91E12807F5310045721C /* ContentView.swift */ = {isa = PBXFileReference; lastKnownFileType = sourcecode.swift; path = ContentView.swift; sourceTree = "<group>"; };
		AE3D91E32807F5310045721C /* Assets.xcassets */ = {isa = PBXFileReference; lastKnownFileType = folder.assetcatalog; path = Assets.xcassets; sourceTree = "<group>"; };
		AE3D91E62807F5310045721C /* Preview Assets.xcassets */ = {isa = PBXFileReference; lastKnownFileType = folder.assetcatalog; path = "Preview Assets.xcassets"; sourceTree = "<group>"; };
		AE3D91EE2807F55A0045721C /* LogInView.swift */ = {isa = PBXFileReference; fileEncoding = 4; lastKnownFileType = sourcecode.swift; path = LogInView.swift; sourceTree = "<group>"; };
		AE3D91F02807F59B0045721C /* MainView.swift */ = {isa = PBXFileReference; fileEncoding = 4; lastKnownFileType = sourcecode.swift; path = MainView.swift; sourceTree = "<group>"; };
		AE3D91F22807F5A30045721C /* SignUpView.swift */ = {isa = PBXFileReference; fileEncoding = 4; lastKnownFileType = sourcecode.swift; path = SignUpView.swift; sourceTree = "<group>"; };
		AE3D91F52807F5EB0045721C /* Models.swift */ = {isa = PBXFileReference; fileEncoding = 4; lastKnownFileType = sourcecode.swift; path = Models.swift; sourceTree = "<group>"; };
		AE3D91F72807F63F0045721C /* Info.plist */ = {isa = PBXFileReference; lastKnownFileType = text.plist; path = Info.plist; sourceTree = "<group>"; };
/* End PBXFileReference section */

/* Begin PBXFrameworksBuildPhase section */
		AE3D91D92807F5310045721C /* Frameworks */ = {
			isa = PBXFrameworksBuildPhase;
			buildActionMask = 2147483647;
			files = (
			);
			runOnlyForDeploymentPostprocessing = 0;
		};
/* End PBXFrameworksBuildPhase section */

/* Begin PBXGroup section */
		AE3D91D32807F5310045721C = {
			isa = PBXGroup;
			children = (
				AE3D91DE2807F5310045721C /* GongGalBBang */,
				AE3D91DD2807F5310045721C /* Products */,
			);
			sourceTree = "<group>";
		};
		AE3D91DD2807F5310045721C /* Products */ = {
			isa = PBXGroup;
			children = (
				AE3D91DC2807F5310045721C /* GongGalBBang.app */,
			);
			name = Products;
			sourceTree = "<group>";
		};
		AE3D91DE2807F5310045721C /* GongGalBBang */ = {
			isa = PBXGroup;
			children = (
				AE3D91F72807F63F0045721C /* Info.plist */,
				AE3D91DF2807F5310045721C /* GongGalBBangApp.swift */,
				AE3D91ED2807F5370045721C /* views */,
				AE3D91F42807F5A80045721C /* models */,
				AE3D91E12807F5310045721C /* ContentView.swift */,
				AE3D91E32807F5310045721C /* Assets.xcassets */,
				AE3D91E52807F5310045721C /* Preview Content */,
			);
			path = GongGalBBang;
			sourceTree = "<group>";
		};
		AE3D91E52807F5310045721C /* Preview Content */ = {
			isa = PBXGroup;
			children = (
				AE3D91E62807F5310045721C /* Preview Assets.xcassets */,
			);
			path = "Preview Content";
			sourceTree = "<group>";
		};
		AE3D91ED2807F5370045721C /* views */ = {
			isa = PBXGroup;
			children = (
				AE3D91F02807F59B0045721C /* MainView.swift */,
				AE3D91F22807F5A30045721C /* SignUpView.swift */,
				AE3D91EE2807F55A0045721C /* LogInView.swift */,
			);
			path = views;
			sourceTree = "<group>";
		};
		AE3D91F42807F5A80045721C /* models */ = {
			isa = PBXGroup;
			children = (
				AE3D91F52807F5EB0045721C /* Models.swift */,
			);
			path = models;
			sourceTree = "<group>";
		};
/* End PBXGroup section */

/* Begin PBXNativeTarget section */
		AE3D91DB2807F5310045721C /* GongGalBBang */ = {
			isa = PBXNativeTarget;
			buildConfigurationList = AE3D91EA2807F5310045721C /* Build configuration list for PBXNativeTarget "GongGalBBang" */;
			buildPhases = (
				AE3D91D82807F5310045721C /* Sources */,
				AE3D91D92807F5310045721C /* Frameworks */,
				AE3D91DA2807F5310045721C /* Resources */,
			);
			buildRules = (
			);
			dependencies = (
			);
			name = GongGalBBang;
			productName = GongGalBBang;
			productReference = AE3D91DC2807F5310045721C /* GongGalBBang.app */;
			productType = "com.apple.product-type.application";
		};
/* End PBXNativeTarget section */

/* Begin PBXProject section */
		AE3D91D42807F5310045721C /* Project object */ = {
			isa = PBXProject;
			attributes = {
				BuildIndependentTargetsInParallel = 1;
				LastSwiftUpdateCheck = 1330;
				LastUpgradeCheck = 1330;
				TargetAttributes = {
					AE3D91DB2807F5310045721C = {
						CreatedOnToolsVersion = 13.3;
					};
				};
			};
			buildConfigurationList = AE3D91D72807F5310045721C /* Build configuration list for PBXProject "GongGalBBang" */;
			compatibilityVersion = "Xcode 13.0";
			developmentRegion = en;
			hasScannedForEncodings = 0;
			knownRegions = (
				en,
				Base,
			);
			mainGroup = AE3D91D32807F5310045721C;
			productRefGroup = AE3D91DD2807F5310045721C /* Products */;
			projectDirPath = "";
			projectRoot = "";
			targets = (
				AE3D91DB2807F5310045721C /* GongGalBBang */,
			);
		};
/* End PBXProject section */

/* Begin PBXResourcesBuildPhase section */
		AE3D91DA2807F5310045721C /* Resources */ = {
			isa = PBXResourcesBuildPhase;
			buildActionMask = 2147483647;
			files = (
				AE3D91E72807F5310045721C /* Preview Assets.xcassets in Resources */,
				AE3D91E42807F5310045721C /* Assets.xcassets in Resources */,
			);
			runOnlyForDeploymentPostprocessing = 0;
		};
/* End PBXResourcesBuildPhase section */

/* Begin PBXSourcesBuildPhase section */
		AE3D91D82807F5310045721C /* Sources */ = {
			isa = PBXSourcesBuildPhase;
			buildActionMask = 2147483647;
			files = (
				AE3D91EF2807F55A0045721C /* LogInView.swift in Sources */,
				AE3D91F32807F5A30045721C /* SignUpView.swift in Sources */,
				AE3D91F12807F59B0045721C /* MainView.swift in Sources */,
				AE3D91F62807F5EB0045721C /* Models.swift in Sources */,
				AE3D91E22807F5310045721C /* ContentView.swift in Sources */,
				AE3D91E02807F5310045721C /* GongGalBBangApp.swift in Sources */,
			);
			runOnlyForDeploymentPostprocessing = 0;
		};
/* End PBXSourcesBuildPhase section */

/* Begin XCBuildConfiguration section */
		AE3D91E82807F5310045721C /* Debug */ = {
			isa = XCBuildConfiguration;
			buildSettings = {
				ALWAYS_SEARCH_USER_PATHS = NO;
				CLANG_ANALYZER_NONNULL = YES;
				CLANG_ANALYZER_NUMBER_OBJECT_CONVERSION = YES_AGGRESSIVE;
				CLANG_CXX_LANGUAGE_STANDARD = "gnu++17";
				CLANG_ENABLE_MODULES = YES;
				CLANG_ENABLE_OBJC_ARC = YES;
				CLANG_ENABLE_OBJC_WEAK = YES;
				CLANG_WARN_BLOCK_CAPTURE_AUTORELEASING = YES;
				CLANG_WARN_BOOL_CONVERSION = YES;
				CLANG_WARN_COMMA = YES;
				CLANG_WARN_CONSTANT_CONVERSION = YES;
				CLANG_WARN_DEPRECATED_OBJC_IMPLEMENTATIONS = YES;
				CLANG_WARN_DIRECT_OBJC_ISA_USAGE = YES_ERROR;
				CLANG_WARN_DOCUMENTATION_COMMENTS = YES;
				CLANG_WARN_EMPTY_BODY = YES;
				CLANG_WARN_ENUM_CONVERSION = YES;
				CLANG_WARN_INFINITE_RECURSION = YES;
				CLANG_WARN_INT_CONVERSION = YES;
				CLANG_WARN_NON_LITERAL_NULL_CONVERSION = YES;
				CLANG_WARN_OBJC_IMPLICIT_RETAIN_SELF = YES;
				CLANG_WARN_OBJC_LITERAL_CONVERSION = YES;
				CLANG_WARN_OBJC_ROOT_CLASS = YES_ERROR;
				CLANG_WARN_QUOTED_INCLUDE_IN_FRAMEWORK_HEADER = YES;
				CLANG_WARN_RANGE_LOOP_ANALYSIS = YES;
				CLANG_WARN_STRICT_PROTOTYPES = YES;
				CLANG_WARN_SUSPICIOUS_MOVE = YES;
				CLANG_WARN_UNGUARDED_AVAILABILITY = YES_AGGRESSIVE;
				CLANG_WARN_UNREACHABLE_CODE = YES;
				CLANG_WARN__DUPLICATE_METHOD_MATCH = YES;
				COPY_PHASE_STRIP = NO;
				DEBUG_INFORMATION_FORMAT = dwarf;
				ENABLE_STRICT_OBJC_MSGSEND = YES;
				ENABLE_TESTABILITY = YES;
				GCC_C_LANGUAGE_STANDARD = gnu11;
				GCC_DYNAMIC_NO_PIC = NO;
				GCC_NO_COMMON_BLOCKS = YES;
				GCC_OPTIMIZATION_LEVEL = 0;
				GCC_PREPROCESSOR_DEFINITIONS = (
					"DEBUG=1",
					"$(inherited)",
				);
				GCC_WARN_64_TO_32_BIT_CONVERSION = YES;
				GCC_WARN_ABOUT_RETURN_TYPE = YES_ERROR;
				GCC_WARN_UNDECLARED_SELECTOR = YES;
				GCC_WARN_UNINITIALIZED_AUTOS = YES_AGGRESSIVE;
				GCC_WARN_UNUSED_FUNCTION = YES;
				GCC_WARN_UNUSED_VARIABLE = YES;
				IPHONEOS_DEPLOYMENT_TARGET = 15.4;
				MTL_ENABLE_DEBUG_INFO = INCLUDE_SOURCE;
				MTL_FAST_MATH = YES;
				ONLY_ACTIVE_ARCH = YES;
				SDKROOT = iphoneos;
				SWIFT_ACTIVE_COMPILATION_CONDITIONS = DEBUG;
				SWIFT_OPTIMIZATION_LEVEL = "-Onone";
			};
			name = Debug;
		};
		AE3D91E92807F5310045721C /* Release */ = {
			isa = XCBuildConfiguration;
			buildSettings = {
				ALWAYS_SEARCH_USER_PATHS = NO;
				CLANG_ANALYZER_NONNULL = YES;
				CLANG_ANALYZER_NUMBER_OBJECT_CONVERSION = YES_AGGRESSIVE;
				CLANG_CXX_LANGUAGE_STANDARD = "gnu++17";
				CLANG_ENABLE_MODULES = YES;
				CLANG_ENABLE_OBJC_ARC = YES;
				CLANG_ENABLE_OBJC_WEAK = YES;
				CLANG_WARN_BLOCK_CAPTURE_AUTORELEASING = YES;
				CLANG_WARN_BOOL_CONVERSION = YES;
				CLANG_WARN_COMMA = YES;
				CLANG_WARN_CONSTANT_CONVERSION = YES;
				CLANG_WARN_DEPRECATED_OBJC_IMPLEMENTATIONS = YES;
				CLANG_WARN_DIRECT_OBJC_ISA_USAGE = YES_ERROR;
				CLANG_WARN_DOCUMENTATION_COMMENTS = YES;
				CLANG_WARN_EMPTY_BODY = YES;
				CLANG_WARN_ENUM_CONVERSION = YES;
				CLANG_WARN_INFINITE_RECURSION = YES;
				CLANG_WARN_INT_CONVERSION = YES;
				CLANG_WARN_NON_LITERAL_NULL_CONVERSION = YES;
				CLANG_WARN_OBJC_IMPLICIT_RETAIN_SELF = YES;
				CLANG_WARN_OBJC_LITERAL_CONVERSION = YES;
				CLANG_WARN_OBJC_ROOT_CLASS = YES_ERROR;
				CLANG_WARN_QUOTED_INCLUDE_IN_FRAMEWORK_HEADER = YES;
				CLANG_WARN_RANGE_LOOP_ANALYSIS = YES;
				CLANG_WARN_STRICT_PROTOTYPES = YES;
				CLANG_WARN_SUSPICIOUS_MOVE = YES;
				CLANG_WARN_UNGUARDED_AVAILABILITY = YES_AGGRESSIVE;
				CLANG_WARN_UNREACHABLE_CODE = YES;
				CLANG_WARN__DUPLICATE_METHOD_MATCH = YES;
				COPY_PHASE_STRIP = NO;
				DEBUG_INFORMATION_FORMAT = "dwarf-with-dsym";
				ENABLE_NS_ASSERTIONS = NO;
				ENABLE_STRICT_OBJC_MSGSEND = YES;
				GCC_C_LANGUAGE_STANDARD = gnu11;
				GCC_NO_COMMON_BLOCKS = YES;
				GCC_WARN_64_TO_32_BIT_CONVERSION = YES;
				GCC_WARN_ABOUT_RETURN_TYPE = YES_ERROR;
				GCC_WARN_UNDECLARED_SELECTOR = YES;
				GCC_WARN_UNINITIALIZED_AUTOS = YES_AGGRESSIVE;
				GCC_WARN_UNUSED_FUNCTION = YES;
				GCC_WARN_UNUSED_VARIABLE = YES;
				IPHONEOS_DEPLOYMENT_TARGET = 15.4;
				MTL_ENABLE_DEBUG_INFO = NO;
				MTL_FAST_MATH = YES;
				SDKROOT = iphoneos;
				SWIFT_COMPILATION_MODE = wholemodule;
				SWIFT_OPTIMIZATION_LEVEL = "-O";
				VALIDATE_PRODUCT = YES;
			};
			name = Release;
		};
		AE3D91EB2807F5310045721C /* Debug */ = {
			isa = XCBuildConfiguration;
			buildSettings = {
				ASSETCATALOG_COMPILER_APPICON_NAME = AppIcon;
				ASSETCATALOG_COMPILER_GLOBAL_ACCENT_COLOR_NAME = AccentColor;
				CODE_SIGN_STYLE = Automatic;
				CURRENT_PROJECT_VERSION = 1;
				DEVELOPMENT_ASSET_PATHS = "\"GongGalBBang/Preview Content\"";
				DEVELOPMENT_TEAM = JZ6K78RF5K;
				ENABLE_PREVIEWS = YES;
				GENERATE_INFOPLIST_FILE = YES;
				INFOPLIST_FILE = GongGalBBang/Info.plist;
				INFOPLIST_KEY_UIApplicationSceneManifest_Generation = YES;
				INFOPLIST_KEY_UIApplicationSupportsIndirectInputEvents = YES;
				INFOPLIST_KEY_UISupportedInterfaceOrientations_iPad = "UIInterfaceOrientationPortrait UIInterfaceOrientationPortraitUpsideDown UIInterfaceOrientationLandscapeLeft UIInterfaceOrientationLandscapeRight";
				INFOPLIST_KEY_UISupportedInterfaceOrientations_iPhone = "UIInterfaceOrientationPortrait UIInterfaceOrientationLandscapeLeft UIInterfaceOrientationLandscapeRight";
				LD_RUNPATH_SEARCH_PATHS = (
					"$(inherited)",
					"@executable_path/Frameworks",
				);
				MARKETING_VERSION = 1.0;
				PRODUCT_BUNDLE_IDENTIFIER = ios.practice.GongGalBBang;
				PRODUCT_NAME = "$(TARGET_NAME)";
				SWIFT_EMIT_LOC_STRINGS = YES;
				SWIFT_VERSION = 5.0;
				TARGETED_DEVICE_FAMILY = "1,2";
			};
			name = Debug;
		};
		AE3D91EC2807F5310045721C /* Release */ = {
			isa = XCBuildConfiguration;
			buildSettings = {
				ASSETCATALOG_COMPILER_APPICON_NAME = AppIcon;
				ASSETCATALOG_COMPILER_GLOBAL_ACCENT_COLOR_NAME = AccentColor;
				CODE_SIGN_STYLE = Automatic;
				CURRENT_PROJECT_VERSION = 1;
				DEVELOPMENT_ASSET_PATHS = "\"GongGalBBang/Preview Content\"";
				DEVELOPMENT_TEAM = JZ6K78RF5K;
				ENABLE_PREVIEWS = YES;
				GENERATE_INFOPLIST_FILE = YES;
				INFOPLIST_FILE = GongGalBBang/Info.plist;
				INFOPLIST_KEY_UIApplicationSceneManifest_Generation = YES;
				INFOPLIST_KEY_UIApplicationSupportsIndirectInputEvents = YES;
				INFOPLIST_KEY_UISupportedInterfaceOrientations_iPad = "UIInterfaceOrientationPortrait UIInterfaceOrientationPortraitUpsideDown UIInterfaceOrientationLandscapeLeft UIInterfaceOrientationLandscapeRight";
				INFOPLIST_KEY_UISupportedInterfaceOrientations_iPhone = "UIInterfaceOrientationPortrait UIInterfaceOrientationLandscapeLeft UIInterfaceOrientationLandscapeRight";
				LD_RUNPATH_SEARCH_PATHS = (
					"$(inherited)",
					"@executable_path/Frameworks",
				);
				MARKETING_VERSION = 1.0;
				PRODUCT_BUNDLE_IDENTIFIER = ios.practice.GongGalBBang;
				PRODUCT_NAME = "$(TARGET_NAME)";
				SWIFT_EMIT_LOC_STRINGS = YES;
				SWIFT_VERSION = 5.0;
				TARGETED_DEVICE_FAMILY = "1,2";
			};
			name = Release;
		};
/* End XCBuildConfiguration section */

/* Begin XCConfigurationList section */
		AE3D91D72807F5310045721C /* Build configuration list for PBXProject "GongGalBBang" */ = {
			isa = XCConfigurationList;
			buildConfigurations = (
				AE3D91E82807F5310045721C /* Debug */,
				AE3D91E92807F5310045721C /* Release */,
			);
			defaultConfigurationIsVisible = 0;
			defaultConfigurationName = Release;
		};
		AE3D91EA2807F5310045721C /* Build configuration list for PBXNativeTarget "GongGalBBang" */ = {
			isa = XCConfigurationList;
			buildConfigurations = (
				AE3D91EB2807F5310045721C /* Debug */,
				AE3D91EC2807F5310045721C /* Release */,
			);
			defaultConfigurationIsVisible = 0;
			defaultConfigurationName = Release;
		};
/* End XCConfigurationList section */
	};
	rootObject = AE3D91D42807F5310045721C /* Project object */;
}
