// !$*UTF8*$!
{
	archiveVersion = 1;
	classes = {
	};
	objectVersion = 55;
	objects = {

/* Begin PBXBuildFile section */
		20DEB787281D1AD100B7C1D8 /* Empty.swift in Sources */ = {isa = PBXBuildFile; fileRef = 20DEB786281D1AD100B7C1D8 /* Empty.swift */; };
		20DEB789281D1AFE00B7C1D8 /* OUTPUTDBtoAPIGatewayAPIClient.swift in Sources */ = {isa = PBXBuildFile; fileRef = 20DEB788281D1AFE00B7C1D8 /* OUTPUTDBtoAPIGatewayAPIClient.swift */; };
		53B2C923D6DE503B977551EB /* Pods_GongGalBBang.framework in Frameworks */ = {isa = PBXBuildFile; fileRef = 993A51DC79EBD628F2750F3C /* Pods_GongGalBBang.framework */; };
		AE008DBC285499D60024D927 /* PostRegister.swift in Sources */ = {isa = PBXBuildFile; fileRef = AE008DBB285499D60024D927 /* PostRegister.swift */; };
		AE1207EB285B203600BDBC8E /* SuccessGetIdView.swift in Sources */ = {isa = PBXBuildFile; fileRef = AE1207EA285B203600BDBC8E /* SuccessGetIdView.swift */; };
		AE1207ED285B20B700BDBC8E /* FindIdView.swift in Sources */ = {isa = PBXBuildFile; fileRef = AE1207EC285B20B700BDBC8E /* FindIdView.swift */; };
		AE1207EF285B224100BDBC8E /* ChangePwView.swift in Sources */ = {isa = PBXBuildFile; fileRef = AE1207EE285B224100BDBC8E /* ChangePwView.swift */; };
		AE1207F1285B2B9E00BDBC8E /* ChangePwReqView.swift in Sources */ = {isa = PBXBuildFile; fileRef = AE1207F0285B2B9E00BDBC8E /* ChangePwReqView.swift */; };
		AE206BC4281442FD00A609BB /* MainView.swift in Sources */ = {isa = PBXBuildFile; fileRef = AE206BC3281442FD00A609BB /* MainView.swift */; };
		AE3D91E02807F5310045721C /* GongGalBBangApp.swift in Sources */ = {isa = PBXBuildFile; fileRef = AE3D91DF2807F5310045721C /* GongGalBBangApp.swift */; };
		AE3D91E42807F5310045721C /* Assets.xcassets in Resources */ = {isa = PBXBuildFile; fileRef = AE3D91E32807F5310045721C /* Assets.xcassets */; };
		AE3D91E72807F5310045721C /* Preview Assets.xcassets in Resources */ = {isa = PBXBuildFile; fileRef = AE3D91E62807F5310045721C /* Preview Assets.xcassets */; };
		AE3D91EF2807F55A0045721C /* LogInView.swift in Sources */ = {isa = PBXBuildFile; fileRef = AE3D91EE2807F55A0045721C /* LogInView.swift */; };
		AE3D91F12807F59B0045721C /* RoomListView.swift in Sources */ = {isa = PBXBuildFile; fileRef = AE3D91F02807F59B0045721C /* RoomListView.swift */; };
		AE3D91F32807F5A30045721C /* SignUpView.swift in Sources */ = {isa = PBXBuildFile; fileRef = AE3D91F22807F5A30045721C /* SignUpView.swift */; };
		AE3D91F62807F5EB0045721C /* ButtonStyles.swift in Sources */ = {isa = PBXBuildFile; fileRef = AE3D91F52807F5EB0045721C /* ButtonStyles.swift */; };
		AE3D91FE28080D050045721C /* PlaceDetail.swift in Sources */ = {isa = PBXBuildFile; fileRef = AE3D91FB28080D050045721C /* PlaceDetail.swift */; };
		AE3D91FF28080D050045721C /* PlaceRow.swift in Sources */ = {isa = PBXBuildFile; fileRef = AE3D91FC28080D050045721C /* PlaceRow.swift */; };
		AE3D920228080D730045721C /* ModelData.swift in Sources */ = {isa = PBXBuildFile; fileRef = AE3D920128080D730045721C /* ModelData.swift */; };
		AE3D920428080D910045721C /* Place.swift in Sources */ = {isa = PBXBuildFile; fileRef = AE3D920328080D910045721C /* Place.swift */; };
		AE411529283B672700F459F3 /* Helpers.swift in Sources */ = {isa = PBXBuildFile; fileRef = AE411528283B672700F459F3 /* Helpers.swift */; };
		AE411548284B281700F459F3 /* GetRoom.swift in Sources */ = {isa = PBXBuildFile; fileRef = AE411547284B281700F459F3 /* GetRoom.swift */; };
		AE41154E284B375600F459F3 /* RoomRequest.swift in Sources */ = {isa = PBXBuildFile; fileRef = AE41154D284B375600F459F3 /* RoomRequest.swift */; };
		AE411550284C7A2F00F459F3 /* RoomResponse.swift in Sources */ = {isa = PBXBuildFile; fileRef = AE41154F284C7A2F00F459F3 /* RoomResponse.swift */; };
		AE4115522853398300F459F3 /* PostLogin.swift in Sources */ = {isa = PBXBuildFile; fileRef = AE4115512853398300F459F3 /* PostLogin.swift */; };
		AE411554285339E900F459F3 /* LoginRequest.swift in Sources */ = {isa = PBXBuildFile; fileRef = AE411553285339E900F459F3 /* LoginRequest.swift */; };
		AE41155628533BF200F459F3 /* LoginResponse.swift in Sources */ = {isa = PBXBuildFile; fileRef = AE41155528533BF200F459F3 /* LoginResponse.swift */; };
		AEC5C4822856629900939A61 /* RegisterRequest.swift in Sources */ = {isa = PBXBuildFile; fileRef = AEC5C4812856629900939A61 /* RegisterRequest.swift */; };
		AEC5C484285662DD00939A61 /* RegisterResponse.swift in Sources */ = {isa = PBXBuildFile; fileRef = AEC5C483285662DD00939A61 /* RegisterResponse.swift */; };
		AEC5C4862859AD7100939A61 /* PostAccount.swift in Sources */ = {isa = PBXBuildFile; fileRef = AEC5C4852859AD7100939A61 /* PostAccount.swift */; };
		AEC5C4882859ADC900939A61 /* AccountRequest.swift in Sources */ = {isa = PBXBuildFile; fileRef = AEC5C4872859ADC900939A61 /* AccountRequest.swift */; };
		AEC5C48A2859B20C00939A61 /* AccountResponse.swift in Sources */ = {isa = PBXBuildFile; fileRef = AEC5C4892859B20C00939A61 /* AccountResponse.swift */; };
		AEC5C48C2859BDEB00939A61 /* AccountView.swift in Sources */ = {isa = PBXBuildFile; fileRef = AEC5C48B2859BDEB00939A61 /* AccountView.swift */; };
/* End PBXBuildFile section */

/* Begin PBXFileReference section */
		20DEB784281D1A5600B7C1D8 /* AWSApiGatewayBridge.h */ = {isa = PBXFileReference; lastKnownFileType = sourcecode.c.h; path = AWSApiGatewayBridge.h; sourceTree = "<group>"; };
		20DEB785281D1A9700B7C1D8 /* Bridging_Header.h */ = {isa = PBXFileReference; lastKnownFileType = sourcecode.c.h; path = Bridging_Header.h; sourceTree = "<group>"; };
		20DEB786281D1AD100B7C1D8 /* Empty.swift */ = {isa = PBXFileReference; lastKnownFileType = sourcecode.swift; path = Empty.swift; sourceTree = "<group>"; };
		20DEB788281D1AFE00B7C1D8 /* OUTPUTDBtoAPIGatewayAPIClient.swift */ = {isa = PBXFileReference; lastKnownFileType = sourcecode.swift; path = OUTPUTDBtoAPIGatewayAPIClient.swift; sourceTree = "<group>"; };
		349A19384F0EEB7C8BDD7F43 /* Pods-GongGalBBang.debug.xcconfig */ = {isa = PBXFileReference; includeInIndex = 1; lastKnownFileType = text.xcconfig; name = "Pods-GongGalBBang.debug.xcconfig"; path = "Target Support Files/Pods-GongGalBBang/Pods-GongGalBBang.debug.xcconfig"; sourceTree = "<group>"; };
		7B42C2D5D6A5E712C754AF0A /* Pods-GongGalBBang.release.xcconfig */ = {isa = PBXFileReference; includeInIndex = 1; lastKnownFileType = text.xcconfig; name = "Pods-GongGalBBang.release.xcconfig"; path = "Target Support Files/Pods-GongGalBBang/Pods-GongGalBBang.release.xcconfig"; sourceTree = "<group>"; };
		993A51DC79EBD628F2750F3C /* Pods_GongGalBBang.framework */ = {isa = PBXFileReference; explicitFileType = wrapper.framework; includeInIndex = 0; path = Pods_GongGalBBang.framework; sourceTree = BUILT_PRODUCTS_DIR; };
		AE008DBB285499D60024D927 /* PostRegister.swift */ = {isa = PBXFileReference; lastKnownFileType = sourcecode.swift; path = PostRegister.swift; sourceTree = "<group>"; };
		AE1207EA285B203600BDBC8E /* SuccessGetIdView.swift */ = {isa = PBXFileReference; lastKnownFileType = sourcecode.swift; path = SuccessGetIdView.swift; sourceTree = "<group>"; };
		AE1207EC285B20B700BDBC8E /* FindIdView.swift */ = {isa = PBXFileReference; lastKnownFileType = sourcecode.swift; path = FindIdView.swift; sourceTree = "<group>"; };
		AE1207EE285B224100BDBC8E /* ChangePwView.swift */ = {isa = PBXFileReference; lastKnownFileType = sourcecode.swift; path = ChangePwView.swift; sourceTree = "<group>"; };
		AE1207F0285B2B9E00BDBC8E /* ChangePwReqView.swift */ = {isa = PBXFileReference; lastKnownFileType = sourcecode.swift; path = ChangePwReqView.swift; sourceTree = "<group>"; };
		AE206BC3281442FD00A609BB /* MainView.swift */ = {isa = PBXFileReference; lastKnownFileType = sourcecode.swift; path = MainView.swift; sourceTree = "<group>"; };
		AE3D91DC2807F5310045721C /* GongGalBBang.app */ = {isa = PBXFileReference; explicitFileType = wrapper.application; includeInIndex = 0; path = GongGalBBang.app; sourceTree = BUILT_PRODUCTS_DIR; };
		AE3D91DF2807F5310045721C /* GongGalBBangApp.swift */ = {isa = PBXFileReference; lastKnownFileType = sourcecode.swift; path = GongGalBBangApp.swift; sourceTree = "<group>"; };
		AE3D91E32807F5310045721C /* Assets.xcassets */ = {isa = PBXFileReference; lastKnownFileType = folder.assetcatalog; path = Assets.xcassets; sourceTree = "<group>"; };
		AE3D91E62807F5310045721C /* Preview Assets.xcassets */ = {isa = PBXFileReference; lastKnownFileType = folder.assetcatalog; path = "Preview Assets.xcassets"; sourceTree = "<group>"; };
		AE3D91EE2807F55A0045721C /* LogInView.swift */ = {isa = PBXFileReference; fileEncoding = 4; lastKnownFileType = sourcecode.swift; path = LogInView.swift; sourceTree = "<group>"; };
		AE3D91F02807F59B0045721C /* RoomListView.swift */ = {isa = PBXFileReference; fileEncoding = 4; lastKnownFileType = sourcecode.swift; path = RoomListView.swift; sourceTree = "<group>"; };
		AE3D91F22807F5A30045721C /* SignUpView.swift */ = {isa = PBXFileReference; fileEncoding = 4; lastKnownFileType = sourcecode.swift; path = SignUpView.swift; sourceTree = "<group>"; };
		AE3D91F52807F5EB0045721C /* ButtonStyles.swift */ = {isa = PBXFileReference; fileEncoding = 4; lastKnownFileType = sourcecode.swift; path = ButtonStyles.swift; sourceTree = "<group>"; };
		AE3D91F72807F63F0045721C /* Info.plist */ = {isa = PBXFileReference; lastKnownFileType = text.plist; path = Info.plist; sourceTree = "<group>"; };
		AE3D91FB28080D050045721C /* PlaceDetail.swift */ = {isa = PBXFileReference; fileEncoding = 4; lastKnownFileType = sourcecode.swift; path = PlaceDetail.swift; sourceTree = "<group>"; };
		AE3D91FC28080D050045721C /* PlaceRow.swift */ = {isa = PBXFileReference; fileEncoding = 4; lastKnownFileType = sourcecode.swift; path = PlaceRow.swift; sourceTree = "<group>"; };
		AE3D920128080D730045721C /* ModelData.swift */ = {isa = PBXFileReference; lastKnownFileType = sourcecode.swift; path = ModelData.swift; sourceTree = "<group>"; };
		AE3D920328080D910045721C /* Place.swift */ = {isa = PBXFileReference; fileEncoding = 4; lastKnownFileType = sourcecode.swift; path = Place.swift; sourceTree = "<group>"; };
		AE411528283B672700F459F3 /* Helpers.swift */ = {isa = PBXFileReference; lastKnownFileType = sourcecode.swift; path = Helpers.swift; sourceTree = "<group>"; };
		AE411547284B281700F459F3 /* GetRoom.swift */ = {isa = PBXFileReference; lastKnownFileType = sourcecode.swift; path = GetRoom.swift; sourceTree = "<group>"; };
		AE41154D284B375600F459F3 /* RoomRequest.swift */ = {isa = PBXFileReference; lastKnownFileType = sourcecode.swift; path = RoomRequest.swift; sourceTree = "<group>"; };
		AE41154F284C7A2F00F459F3 /* RoomResponse.swift */ = {isa = PBXFileReference; lastKnownFileType = sourcecode.swift; path = RoomResponse.swift; sourceTree = "<group>"; };
		AE4115512853398300F459F3 /* PostLogin.swift */ = {isa = PBXFileReference; lastKnownFileType = sourcecode.swift; path = PostLogin.swift; sourceTree = "<group>"; };
		AE411553285339E900F459F3 /* LoginRequest.swift */ = {isa = PBXFileReference; lastKnownFileType = sourcecode.swift; path = LoginRequest.swift; sourceTree = "<group>"; };
		AE41155528533BF200F459F3 /* LoginResponse.swift */ = {isa = PBXFileReference; lastKnownFileType = sourcecode.swift; path = LoginResponse.swift; sourceTree = "<group>"; };
		AEC5C4812856629900939A61 /* RegisterRequest.swift */ = {isa = PBXFileReference; lastKnownFileType = sourcecode.swift; path = RegisterRequest.swift; sourceTree = "<group>"; };
		AEC5C483285662DD00939A61 /* RegisterResponse.swift */ = {isa = PBXFileReference; lastKnownFileType = sourcecode.swift; path = RegisterResponse.swift; sourceTree = "<group>"; };
		AEC5C4852859AD7100939A61 /* PostAccount.swift */ = {isa = PBXFileReference; lastKnownFileType = sourcecode.swift; path = PostAccount.swift; sourceTree = "<group>"; };
		AEC5C4872859ADC900939A61 /* AccountRequest.swift */ = {isa = PBXFileReference; lastKnownFileType = sourcecode.swift; path = AccountRequest.swift; sourceTree = "<group>"; };
		AEC5C4892859B20C00939A61 /* AccountResponse.swift */ = {isa = PBXFileReference; lastKnownFileType = sourcecode.swift; path = AccountResponse.swift; sourceTree = "<group>"; };
		AEC5C48B2859BDEB00939A61 /* AccountView.swift */ = {isa = PBXFileReference; lastKnownFileType = sourcecode.swift; path = AccountView.swift; sourceTree = "<group>"; };
/* End PBXFileReference section */

/* Begin PBXFrameworksBuildPhase section */
		AE3D91D92807F5310045721C /* Frameworks */ = {
			isa = PBXFrameworksBuildPhase;
			buildActionMask = 2147483647;
			files = (
				53B2C923D6DE503B977551EB /* Pods_GongGalBBang.framework in Frameworks */,
			);
			runOnlyForDeploymentPostprocessing = 0;
		};
/* End PBXFrameworksBuildPhase section */

/* Begin PBXGroup section */
		AE3D91D32807F5310045721C = {
			isa = PBXGroup;
			children = (
				AE3D91DE2807F5310045721C /* GongGalBBang */,
				AE3D91DD2807F5310045721C /* Products */,
				D7BE18E5F16BC473EAED85CD /* Pods */,
				C81DFD30BBA1927CB79D2662 /* Frameworks */,
			);
			sourceTree = "<group>";
		};
		AE3D91DD2807F5310045721C /* Products */ = {
			isa = PBXGroup;
			children = (
				AE3D91DC2807F5310045721C /* GongGalBBang.app */,
			);
			name = Products;
			sourceTree = "<group>";
		};
		AE3D91DE2807F5310045721C /* GongGalBBang */ = {
			isa = PBXGroup;
			children = (
				AE3D91DF2807F5310045721C /* GongGalBBangApp.swift */,
				AE3D91ED2807F5370045721C /* views */,
				AE3D91FA28080CDA0045721C /* places */,
				AE3D920928101B830045721C /* helpers */,
				AE3D91F42807F5A80045721C /* models */,
				AE3D91E32807F5310045721C /* Assets.xcassets */,
				AE3D91F72807F63F0045721C /* Info.plist */,
				AE3D91E52807F5310045721C /* Preview Content */,
				20DEB784281D1A5600B7C1D8 /* AWSApiGatewayBridge.h */,
				20DEB785281D1A9700B7C1D8 /* Bridging_Header.h */,
				20DEB786281D1AD100B7C1D8 /* Empty.swift */,
				20DEB788281D1AFE00B7C1D8 /* OUTPUTDBtoAPIGatewayAPIClient.swift */,
			);
			path = GongGalBBang;
			sourceTree = "<group>";
		};
		AE3D91E52807F5310045721C /* Preview Content */ = {
			isa = PBXGroup;
			children = (
				AE3D91E62807F5310045721C /* Preview Assets.xcassets */,
			);
			path = "Preview Content";
			sourceTree = "<group>";
		};
		AE3D91ED2807F5370045721C /* views */ = {
			isa = PBXGroup;
			children = (
				AE3D91F02807F59B0045721C /* RoomListView.swift */,
				AE3D91F22807F5A30045721C /* SignUpView.swift */,
				AE3D91EE2807F55A0045721C /* LogInView.swift */,
				AE206BC3281442FD00A609BB /* MainView.swift */,
				AEC5C48B2859BDEB00939A61 /* AccountView.swift */,
				AE1207EA285B203600BDBC8E /* SuccessGetIdView.swift */,
				AE1207EC285B20B700BDBC8E /* FindIdView.swift */,
				AE1207EE285B224100BDBC8E /* ChangePwView.swift */,
				AE1207F0285B2B9E00BDBC8E /* ChangePwReqView.swift */,
			);
			path = views;
			sourceTree = "<group>";
		};
		AE3D91F42807F5A80045721C /* models */ = {
			isa = PBXGroup;
			children = (
				AE3D920328080D910045721C /* Place.swift */,
				AE3D920128080D730045721C /* ModelData.swift */,
			);
			path = models;
			sourceTree = "<group>";
		};
		AE3D91FA28080CDA0045721C /* places */ = {
			isa = PBXGroup;
			children = (
				AE3D91FB28080D050045721C /* PlaceDetail.swift */,
				AE3D91FC28080D050045721C /* PlaceRow.swift */,
			);
			path = places;
			sourceTree = "<group>";
		};
		AE3D920928101B830045721C /* helpers */ = {
			isa = PBXGroup;
			children = (
				AE3D91F52807F5EB0045721C /* ButtonStyles.swift */,
				AE411528283B672700F459F3 /* Helpers.swift */,
				AE411547284B281700F459F3 /* GetRoom.swift */,
				AE41154D284B375600F459F3 /* RoomRequest.swift */,
				AE41154F284C7A2F00F459F3 /* RoomResponse.swift */,
				AE4115512853398300F459F3 /* PostLogin.swift */,
				AE411553285339E900F459F3 /* LoginRequest.swift */,
				AE41155528533BF200F459F3 /* LoginResponse.swift */,
				AE008DBB285499D60024D927 /* PostRegister.swift */,
				AEC5C4812856629900939A61 /* RegisterRequest.swift */,
				AEC5C483285662DD00939A61 /* RegisterResponse.swift */,
				AEC5C4852859AD7100939A61 /* PostAccount.swift */,
				AEC5C4872859ADC900939A61 /* AccountRequest.swift */,
				AEC5C4892859B20C00939A61 /* AccountResponse.swift */,
			);
			path = helpers;
			sourceTree = "<group>";
		};
		C81DFD30BBA1927CB79D2662 /* Frameworks */ = {
			isa = PBXGroup;
			children = (
				993A51DC79EBD628F2750F3C /* Pods_GongGalBBang.framework */,
			);
			name = Frameworks;
			sourceTree = "<group>";
		};
		D7BE18E5F16BC473EAED85CD /* Pods */ = {
			isa = PBXGroup;
			children = (
				349A19384F0EEB7C8BDD7F43 /* Pods-GongGalBBang.debug.xcconfig */,
				7B42C2D5D6A5E712C754AF0A /* Pods-GongGalBBang.release.xcconfig */,
			);
			path = Pods;
			sourceTree = "<group>";
		};
/* End PBXGroup section */

/* Begin PBXNativeTarget section */
		AE3D91DB2807F5310045721C /* GongGalBBang */ = {
			isa = PBXNativeTarget;
			buildConfigurationList = AE3D91EA2807F5310045721C /* Build configuration list for PBXNativeTarget "GongGalBBang" */;
			buildPhases = (
				3CCF70180A96909D03D9FFA7 /* [CP] Check Pods Manifest.lock */,
				AE3D91D82807F5310045721C /* Sources */,
				AE3D91D92807F5310045721C /* Frameworks */,
				AE3D91DA2807F5310045721C /* Resources */,
				B84192096553CCF52486AF93 /* [CP] Embed Pods Frameworks */,
			);
			buildRules = (
			);
			dependencies = (
			);
			name = GongGalBBang;
			productName = GongGalBBang;
			productReference = AE3D91DC2807F5310045721C /* GongGalBBang.app */;
			productType = "com.apple.product-type.application";
		};
/* End PBXNativeTarget section */

/* Begin PBXProject section */
		AE3D91D42807F5310045721C /* Project object */ = {
			isa = PBXProject;
			attributes = {
				BuildIndependentTargetsInParallel = 1;
				LastSwiftUpdateCheck = 1330;
				LastUpgradeCheck = 1330;
				TargetAttributes = {
					AE3D91DB2807F5310045721C = {
						CreatedOnToolsVersion = 13.3;
					};
				};
			};
			buildConfigurationList = AE3D91D72807F5310045721C /* Build configuration list for PBXProject "GongGalBBang" */;
			compatibilityVersion = "Xcode 13.0";
			developmentRegion = en;
			hasScannedForEncodings = 0;
			knownRegions = (
				en,
				Base,
			);
			mainGroup = AE3D91D32807F5310045721C;
			productRefGroup = AE3D91DD2807F5310045721C /* Products */;
			projectDirPath = "";
			projectRoot = "";
			targets = (
				AE3D91DB2807F5310045721C /* GongGalBBang */,
			);
		};
/* End PBXProject section */

/* Begin PBXResourcesBuildPhase section */
		AE3D91DA2807F5310045721C /* Resources */ = {
			isa = PBXResourcesBuildPhase;
			buildActionMask = 2147483647;
			files = (
				AE3D91E72807F5310045721C /* Preview Assets.xcassets in Resources */,
				AE3D91E42807F5310045721C /* Assets.xcassets in Resources */,
			);
			runOnlyForDeploymentPostprocessing = 0;
		};
/* End PBXResourcesBuildPhase section */

/* Begin PBXShellScriptBuildPhase section */
		3CCF70180A96909D03D9FFA7 /* [CP] Check Pods Manifest.lock */ = {
			isa = PBXShellScriptBuildPhase;
			buildActionMask = 2147483647;
			files = (
			);
			inputFileListPaths = (
			);
			inputPaths = (
				"${PODS_PODFILE_DIR_PATH}/Podfile.lock",
				"${PODS_ROOT}/Manifest.lock",
			);
			name = "[CP] Check Pods Manifest.lock";
			outputFileListPaths = (
			);
			outputPaths = (
				"$(DERIVED_FILE_DIR)/Pods-GongGalBBang-checkManifestLockResult.txt",
			);
			runOnlyForDeploymentPostprocessing = 0;
			shellPath = /bin/sh;
			shellScript = "diff \"${PODS_PODFILE_DIR_PATH}/Podfile.lock\" \"${PODS_ROOT}/Manifest.lock\" > /dev/null\nif [ $? != 0 ] ; then\n    # print error to STDERR\n    echo \"error: The sandbox is not in sync with the Podfile.lock. Run 'pod install' or update your CocoaPods installation.\" >&2\n    exit 1\nfi\n# This output is used by Xcode 'outputs' to avoid re-running this script phase.\necho \"SUCCESS\" > \"${SCRIPT_OUTPUT_FILE_0}\"\n";
			showEnvVarsInLog = 0;
		};
		B84192096553CCF52486AF93 /* [CP] Embed Pods Frameworks */ = {
			isa = PBXShellScriptBuildPhase;
			buildActionMask = 2147483647;
			files = (
			);
			inputFileListPaths = (
				"${PODS_ROOT}/Target Support Files/Pods-GongGalBBang/Pods-GongGalBBang-frameworks-${CONFIGURATION}-input-files.xcfilelist",
			);
			name = "[CP] Embed Pods Frameworks";
			outputFileListPaths = (
				"${PODS_ROOT}/Target Support Files/Pods-GongGalBBang/Pods-GongGalBBang-frameworks-${CONFIGURATION}-output-files.xcfilelist",
			);
			runOnlyForDeploymentPostprocessing = 0;
			shellPath = /bin/sh;
			shellScript = "\"${PODS_ROOT}/Target Support Files/Pods-GongGalBBang/Pods-GongGalBBang-frameworks.sh\"\n";
			showEnvVarsInLog = 0;
		};
/* End PBXShellScriptBuildPhase section */

/* Begin PBXSourcesBuildPhase section */
		AE3D91D82807F5310045721C /* Sources */ = {
			isa = PBXSourcesBuildPhase;
			buildActionMask = 2147483647;
			files = (
				AE1207F1285B2B9E00BDBC8E /* ChangePwReqView.swift in Sources */,
				AE3D91EF2807F55A0045721C /* LogInView.swift in Sources */,
				AEC5C484285662DD00939A61 /* RegisterResponse.swift in Sources */,
				AE4115522853398300F459F3 /* PostLogin.swift in Sources */,
				AE1207EF285B224100BDBC8E /* ChangePwView.swift in Sources */,
				AE411529283B672700F459F3 /* Helpers.swift in Sources */,
				AEC5C4822856629900939A61 /* RegisterRequest.swift in Sources */,
				AEC5C4882859ADC900939A61 /* AccountRequest.swift in Sources */,
				AE41154E284B375600F459F3 /* RoomRequest.swift in Sources */,
				AE3D920428080D910045721C /* Place.swift in Sources */,
				AE3D91F32807F5A30045721C /* SignUpView.swift in Sources */,
				AEC5C4862859AD7100939A61 /* PostAccount.swift in Sources */,
				AE41155628533BF200F459F3 /* LoginResponse.swift in Sources */,
				AE3D91F12807F59B0045721C /* RoomListView.swift in Sources */,
				AE1207ED285B20B700BDBC8E /* FindIdView.swift in Sources */,
				AE008DBC285499D60024D927 /* PostRegister.swift in Sources */,
				AE3D91F62807F5EB0045721C /* ButtonStyles.swift in Sources */,
				20DEB787281D1AD100B7C1D8 /* Empty.swift in Sources */,
				AE411554285339E900F459F3 /* LoginRequest.swift in Sources */,
				AE3D91E02807F5310045721C /* GongGalBBangApp.swift in Sources */,
				AEC5C48A2859B20C00939A61 /* AccountResponse.swift in Sources */,
				AE206BC4281442FD00A609BB /* MainView.swift in Sources */,
				AE3D91FF28080D050045721C /* PlaceRow.swift in Sources */,
				AE1207EB285B203600BDBC8E /* SuccessGetIdView.swift in Sources */,
				AE3D91FE28080D050045721C /* PlaceDetail.swift in Sources */,
				20DEB789281D1AFE00B7C1D8 /* OUTPUTDBtoAPIGatewayAPIClient.swift in Sources */,
				AE411548284B281700F459F3 /* GetRoom.swift in Sources */,
				AE3D920228080D730045721C /* ModelData.swift in Sources */,
				AEC5C48C2859BDEB00939A61 /* AccountView.swift in Sources */,
				AE411550284C7A2F00F459F3 /* RoomResponse.swift in Sources */,
			);
			runOnlyForDeploymentPostprocessing = 0;
		};
/* End PBXSourcesBuildPhase section */

/* Begin XCBuildConfiguration section */
		AE3D91E82807F5310045721C /* Debug */ = {
			isa = XCBuildConfiguration;
			buildSettings = {
				ALWAYS_SEARCH_USER_PATHS = NO;
				CLANG_ANALYZER_NONNULL = YES;
				CLANG_ANALYZER_NUMBER_OBJECT_CONVERSION = YES_AGGRESSIVE;
				CLANG_CXX_LANGUAGE_STANDARD = "gnu++17";
				CLANG_ENABLE_MODULES = YES;
				CLANG_ENABLE_OBJC_ARC = YES;
				CLANG_ENABLE_OBJC_WEAK = YES;
				CLANG_WARN_BLOCK_CAPTURE_AUTORELEASING = YES;
				CLANG_WARN_BOOL_CONVERSION = YES;
				CLANG_WARN_COMMA = YES;
				CLANG_WARN_CONSTANT_CONVERSION = YES;
				CLANG_WARN_DEPRECATED_OBJC_IMPLEMENTATIONS = YES;
				CLANG_WARN_DIRECT_OBJC_ISA_USAGE = YES_ERROR;
				CLANG_WARN_DOCUMENTATION_COMMENTS = YES;
				CLANG_WARN_EMPTY_BODY = YES;
				CLANG_WARN_ENUM_CONVERSION = YES;
				CLANG_WARN_INFINITE_RECURSION = YES;
				CLANG_WARN_INT_CONVERSION = YES;
				CLANG_WARN_NON_LITERAL_NULL_CONVERSION = YES;
				CLANG_WARN_OBJC_IMPLICIT_RETAIN_SELF = YES;
				CLANG_WARN_OBJC_LITERAL_CONVERSION = YES;
				CLANG_WARN_OBJC_ROOT_CLASS = YES_ERROR;
				CLANG_WARN_QUOTED_INCLUDE_IN_FRAMEWORK_HEADER = YES;
				CLANG_WARN_RANGE_LOOP_ANALYSIS = YES;
				CLANG_WARN_STRICT_PROTOTYPES = YES;
				CLANG_WARN_SUSPICIOUS_MOVE = YES;
				CLANG_WARN_UNGUARDED_AVAILABILITY = YES_AGGRESSIVE;
				CLANG_WARN_UNREACHABLE_CODE = YES;
				CLANG_WARN__DUPLICATE_METHOD_MATCH = YES;
				COPY_PHASE_STRIP = NO;
				DEBUG_INFORMATION_FORMAT = dwarf;
				ENABLE_STRICT_OBJC_MSGSEND = YES;
				ENABLE_TESTABILITY = YES;
				GCC_C_LANGUAGE_STANDARD = gnu11;
				GCC_DYNAMIC_NO_PIC = NO;
				GCC_NO_COMMON_BLOCKS = YES;
				GCC_OPTIMIZATION_LEVEL = 0;
				GCC_PREPROCESSOR_DEFINITIONS = (
					"DEBUG=1",
					"$(inherited)",
				);
				GCC_WARN_64_TO_32_BIT_CONVERSION = YES;
				GCC_WARN_ABOUT_RETURN_TYPE = YES_ERROR;
				GCC_WARN_UNDECLARED_SELECTOR = YES;
				GCC_WARN_UNINITIALIZED_AUTOS = YES_AGGRESSIVE;
				GCC_WARN_UNUSED_FUNCTION = YES;
				GCC_WARN_UNUSED_VARIABLE = YES;
				IPHONEOS_DEPLOYMENT_TARGET = 15.4;
				MTL_ENABLE_DEBUG_INFO = INCLUDE_SOURCE;
				MTL_FAST_MATH = YES;
				ONLY_ACTIVE_ARCH = YES;
				SDKROOT = iphoneos;
				SWIFT_ACTIVE_COMPILATION_CONDITIONS = DEBUG;
				SWIFT_OPTIMIZATION_LEVEL = "-Onone";
			};
			name = Debug;
		};
		AE3D91E92807F5310045721C /* Release */ = {
			isa = XCBuildConfiguration;
			buildSettings = {
				ALWAYS_SEARCH_USER_PATHS = NO;
				CLANG_ANALYZER_NONNULL = YES;
				CLANG_ANALYZER_NUMBER_OBJECT_CONVERSION = YES_AGGRESSIVE;
				CLANG_CXX_LANGUAGE_STANDARD = "gnu++17";
				CLANG_ENABLE_MODULES = YES;
				CLANG_ENABLE_OBJC_ARC = YES;
				CLANG_ENABLE_OBJC_WEAK = YES;
				CLANG_WARN_BLOCK_CAPTURE_AUTORELEASING = YES;
				CLANG_WARN_BOOL_CONVERSION = YES;
				CLANG_WARN_COMMA = YES;
				CLANG_WARN_CONSTANT_CONVERSION = YES;
				CLANG_WARN_DEPRECATED_OBJC_IMPLEMENTATIONS = YES;
				CLANG_WARN_DIRECT_OBJC_ISA_USAGE = YES_ERROR;
				CLANG_WARN_DOCUMENTATION_COMMENTS = YES;
				CLANG_WARN_EMPTY_BODY = YES;
				CLANG_WARN_ENUM_CONVERSION = YES;
				CLANG_WARN_INFINITE_RECURSION = YES;
				CLANG_WARN_INT_CONVERSION = YES;
				CLANG_WARN_NON_LITERAL_NULL_CONVERSION = YES;
				CLANG_WARN_OBJC_IMPLICIT_RETAIN_SELF = YES;
				CLANG_WARN_OBJC_LITERAL_CONVERSION = YES;
				CLANG_WARN_OBJC_ROOT_CLASS = YES_ERROR;
				CLANG_WARN_QUOTED_INCLUDE_IN_FRAMEWORK_HEADER = YES;
				CLANG_WARN_RANGE_LOOP_ANALYSIS = YES;
				CLANG_WARN_STRICT_PROTOTYPES = YES;
				CLANG_WARN_SUSPICIOUS_MOVE = YES;
				CLANG_WARN_UNGUARDED_AVAILABILITY = YES_AGGRESSIVE;
				CLANG_WARN_UNREACHABLE_CODE = YES;
				CLANG_WARN__DUPLICATE_METHOD_MATCH = YES;
				COPY_PHASE_STRIP = NO;
				DEBUG_INFORMATION_FORMAT = "dwarf-with-dsym";
				ENABLE_NS_ASSERTIONS = NO;
				ENABLE_STRICT_OBJC_MSGSEND = YES;
				GCC_C_LANGUAGE_STANDARD = gnu11;
				GCC_NO_COMMON_BLOCKS = YES;
				GCC_WARN_64_TO_32_BIT_CONVERSION = YES;
				GCC_WARN_ABOUT_RETURN_TYPE = YES_ERROR;
				GCC_WARN_UNDECLARED_SELECTOR = YES;
				GCC_WARN_UNINITIALIZED_AUTOS = YES_AGGRESSIVE;
				GCC_WARN_UNUSED_FUNCTION = YES;
				GCC_WARN_UNUSED_VARIABLE = YES;
				IPHONEOS_DEPLOYMENT_TARGET = 15.4;
				MTL_ENABLE_DEBUG_INFO = NO;
				MTL_FAST_MATH = YES;
				SDKROOT = iphoneos;
				SWIFT_COMPILATION_MODE = wholemodule;
				SWIFT_OPTIMIZATION_LEVEL = "-O";
				VALIDATE_PRODUCT = YES;
			};
			name = Release;
		};
		AE3D91EB2807F5310045721C /* Debug */ = {
			isa = XCBuildConfiguration;
			baseConfigurationReference = 349A19384F0EEB7C8BDD7F43 /* Pods-GongGalBBang.debug.xcconfig */;
			buildSettings = {
				ASSETCATALOG_COMPILER_APPICON_NAME = AppIcon;
				ASSETCATALOG_COMPILER_GLOBAL_ACCENT_COLOR_NAME = AccentColor;
				CODE_SIGN_STYLE = Automatic;
				CURRENT_PROJECT_VERSION = 1;
				DEVELOPMENT_ASSET_PATHS = "\"GongGalBBang/Preview Content\"";
				DEVELOPMENT_TEAM = JZ6K78RF5K;
				ENABLE_PREVIEWS = YES;
				GENERATE_INFOPLIST_FILE = YES;
				INFOPLIST_FILE = GongGalBBang/Info.plist;
				INFOPLIST_KEY_UIApplicationSupportsIndirectInputEvents = YES;
				INFOPLIST_KEY_UISupportedInterfaceOrientations_iPad = "UIInterfaceOrientationPortrait UIInterfaceOrientationPortraitUpsideDown UIInterfaceOrientationLandscapeLeft UIInterfaceOrientationLandscapeRight";
				INFOPLIST_KEY_UISupportedInterfaceOrientations_iPhone = "UIInterfaceOrientationPortrait UIInterfaceOrientationLandscapeLeft UIInterfaceOrientationLandscapeRight";
				LD_RUNPATH_SEARCH_PATHS = (
					"$(inherited)",
					"@executable_path/Frameworks",
				);
				MARKETING_VERSION = 1.0;
				PRODUCT_BUNDLE_IDENTIFIER = ios.practice.GongGalBBang;
				PRODUCT_NAME = "$(TARGET_NAME)";
				SWIFT_EMIT_LOC_STRINGS = YES;
				SWIFT_OBJC_BRIDGING_HEADER = GongGalBBang/Bridging_Header.h;
				SWIFT_VERSION = 5.0;
				TARGETED_DEVICE_FAMILY = 1;
			};
			name = Debug;
		};
		AE3D91EC2807F5310045721C /* Release */ = {
			isa = XCBuildConfiguration;
			baseConfigurationReference = 7B42C2D5D6A5E712C754AF0A /* Pods-GongGalBBang.release.xcconfig */;
			buildSettings = {
				ASSETCATALOG_COMPILER_APPICON_NAME = AppIcon;
				ASSETCATALOG_COMPILER_GLOBAL_ACCENT_COLOR_NAME = AccentColor;
				CODE_SIGN_STYLE = Automatic;
				CURRENT_PROJECT_VERSION = 1;
				DEVELOPMENT_ASSET_PATHS = "\"GongGalBBang/Preview Content\"";
				DEVELOPMENT_TEAM = JZ6K78RF5K;
				ENABLE_PREVIEWS = YES;
				GENERATE_INFOPLIST_FILE = YES;
				INFOPLIST_FILE = GongGalBBang/Info.plist;
				INFOPLIST_KEY_UIApplicationSupportsIndirectInputEvents = YES;
				INFOPLIST_KEY_UISupportedInterfaceOrientations_iPad = "UIInterfaceOrientationPortrait UIInterfaceOrientationPortraitUpsideDown UIInterfaceOrientationLandscapeLeft UIInterfaceOrientationLandscapeRight";
				INFOPLIST_KEY_UISupportedInterfaceOrientations_iPhone = "UIInterfaceOrientationPortrait UIInterfaceOrientationLandscapeLeft UIInterfaceOrientationLandscapeRight";
				LD_RUNPATH_SEARCH_PATHS = (
					"$(inherited)",
					"@executable_path/Frameworks",
				);
				MARKETING_VERSION = 1.0;
				PRODUCT_BUNDLE_IDENTIFIER = ios.practice.GongGalBBang;
				PRODUCT_NAME = "$(TARGET_NAME)";
				SWIFT_EMIT_LOC_STRINGS = YES;
				SWIFT_OBJC_BRIDGING_HEADER = GongGalBBang/Bridging_Header.h;
				SWIFT_VERSION = 5.0;
				TARGETED_DEVICE_FAMILY = 1;
			};
			name = Release;
		};
/* End XCBuildConfiguration section */

/* Begin XCConfigurationList section */
		AE3D91D72807F5310045721C /* Build configuration list for PBXProject "GongGalBBang" */ = {
			isa = XCConfigurationList;
			buildConfigurations = (
				AE3D91E82807F5310045721C /* Debug */,
				AE3D91E92807F5310045721C /* Release */,
			);
			defaultConfigurationIsVisible = 0;
			defaultConfigurationName = Release;
		};
		AE3D91EA2807F5310045721C /* Build configuration list for PBXNativeTarget "GongGalBBang" */ = {
			isa = XCConfigurationList;
			buildConfigurations = (
				AE3D91EB2807F5310045721C /* Debug */,
				AE3D91EC2807F5310045721C /* Release */,
			);
			defaultConfigurationIsVisible = 0;
			defaultConfigurationName = Release;
		};
/* End XCConfigurationList section */
	};
	rootObject = AE3D91D42807F5310045721C /* Project object */;
}
